
Microsoft Visual Studio Solution File, Format Version 12.00
# Visual Studio 15
VisualStudioVersion = 15.0.27428.2005
MinimumVisualStudioVersion = 10.0.40219.1
Project("{FAE04EC0-301F-11D3-BF4B-00C04F79EFBC}") = "TestingGitRepo", "TestingGitRepo\TestingGitRepo.csproj", "{D96C1759-092A-48FC-A760-18CE013D1389}"
EndProject
Global
	GlobalSection(SolutionConfigurationPlatforms) = preSolution
		Debug|Any CPU = Debug|Any CPU
		Release|Any CPU = Release|Any CPU
	EndGlobalSection
	GlobalSection(ProjectConfigurationPlatforms) = postSolution
		{D96C1759-092A-48FC-A760-18CE013D1389}.Debug|Any CPU.ActiveCfg = Debug|Any CPU
		{D96C1759-092A-48FC-A760-18CE013D1389}.Debug|Any CPU.Build.0 = Debug|Any CPU
		{D96C1759-092A-48FC-A760-18CE013D1389}.Release|Any CPU.ActiveCfg = Release|Any CPU
		{D96C1759-092A-48FC-A760-18CE013D1389}.Release|Any CPU.Build.0 = Release|Any CPU
	EndGlobalSection
	GlobalSection(SolutionProperties) = preSolution
		HideSolutionNode = FALSE
	EndGlobalSection
	GlobalSection(ExtensibilityGlobals) = postSolution
		SolutionGuid = {129CC9F2-69B2-43CA-B500-9074873DA5CF}
	EndGlobalSection
EndGlobal
